PODS:
  - AFNetworking (3.1.0):
    - AFNetworking/NSURLSession (= 3.1.0)
    - AFNetworking/Reachability (= 3.1.0)
    - AFNetworking/Security (= 3.1.0)
    - AFNetworking/Serialization (= 3.1.0)
    - AFNetworking/UIKit (= 3.1.0)
  - AFNetworking/NSURLSession (3.1.0):
    - AFNetworking/Reachability
    - AFNetworking/Security
    - AFNetworking/Serialization
  - AFNetworking/Reachability (3.1.0)
  - AFNetworking/Security (3.1.0)
  - AFNetworking/Serialization (3.1.0)
  - AFNetworking/UIKit (3.1.0):
    - AFNetworking/NSURLSession
  - BaiduMapKit (3.0.0)
  - IQKeyboardManager (4.0.4)
  - jastor (0.2.1)
  - JPush (2.1.8)
  - MBProgressHUD (0.9.2)

DEPENDENCIES:
  - AFNetworking (~> 3.1.0)
  - BaiduMapKit
  - IQKeyboardManager (~> 4.0.4)
  - jastor (~> 0.2.1)
  - JPush (~> 2.1.8)
  - MBProgressHUD (~> 0.9.1)

SPEC CHECKSUMS:
  AFNetworking: 5e0e199f73d8626b11e79750991f5d173d1f8b67
  BaiduMapKit: de2a726d5296d6b2dc0e974b683af73153608dcd
  IQKeyboardManager: 4a6f83b540283c2645aaeba2bd8dc0f09b5c77f8
  jastor: fe9ff71f4b683698253d6a0d9a2561987fd9aff3
  JPush: 2d1286494eae216433f6d7709b2721565b4babc9
  MBProgressHUD: 1569cf7ace17a8bac47aabfbb8580a49690386d1

PODFILE CHECKSUM: 7c686feaef323f99a7c6fa2817f8eb796e245697

COCOAPODS: 1.0.0
